Microsoft Visual Studio Solution File, Format Version 12.00
# Visual Studio Version 17
VisualStudioVersion = 17.5.2.0
MinimumVisualStudioVersion = 10.0.40219.1
Project("{FAE04EC0-301F-11D3-BF4B-00C04F79EFBC}") = "RuntimeCheck", "RuntimeCheck.csproj", "{45215047-5030-CF1E-784A-3772C3F5066A}"
EndProject
Global
	GlobalSection(SolutionConfigurationPlatforms) = preSolution
		Debug|Any CPU = Debug|Any CPU
		Release|Any CPU = Release|Any CPU
	EndGlobalSection
	GlobalSection(ProjectConfigurationPlatforms) = postSolution
		{45215047-5030-CF1E-784A-3772C3F5066A}.Debug|Any CPU.ActiveCfg = Debug|Any CPU
		{45215047-5030-CF1E-784A-3772C3F5066A}.Debug|Any CPU.Build.0 = Debug|Any CPU
		{45215047-5030-CF1E-784A-3772C3F5066A}.Release|Any CPU.ActiveCfg = Release|Any CPU
		{45215047-5030-CF1E-784A-3772C3F5066A}.Release|Any CPU.Build.0 = Release|Any CPU
	EndGlobalSection
	GlobalSection(SolutionProperties) = preSolution
		HideSolutionNode = FALSE
	EndGlobalSection
	GlobalSection(ExtensibilityGlobals) = postSolution
		SolutionGuid = {DFA94065-C373-4157-903A-0C8030223D96}
	EndGlobalSection
EndGlobal
